
Microsoft Visual Studio Solution File, Format Version 12.00
# Visual Studio Version 16
VisualStudioVersion = 16.0.31729.503
MinimumVisualStudioVersion = 10.0.40219.1
Project("{FAE04EC0-301F-11D3-BF4B-00C04F79EFBC}") = "AbbreviatedSyntax", "AbbreviatedSyntax\AbbreviatedSyntax.csproj", "{851958EC-2405-4928-A973-7C8B48B2E516}"
EndProject
Global
	GlobalSection(SolutionConfigurationPlatforms) = preSolution
		Debug|Any CPU = Debug|Any CPU
		Release|Any CPU = Release|Any CPU
	EndGlobalSection
	GlobalSection(ProjectConfigurationPlatforms) = postSolution
		{851958EC-2405-4928-A973-7C8B48B2E516}.Debug|Any CPU.ActiveCfg = Debug|Any CPU
		{851958EC-2405-4928-A973-7C8B48B2E516}.Debug|Any CPU.Build.0 = Debug|Any CPU
		{851958EC-2405-4928-A973-7C8B48B2E516}.Release|Any CPU.ActiveCfg = Release|Any CPU
		{851958EC-2405-4928-A973-7C8B48B2E516}.Release|Any CPU.Build.0 = Release|Any CPU
	EndGlobalSection
	GlobalSection(SolutionProperties) = preSolution
		HideSolutionNode = FALSE
	EndGlobalSection
	GlobalSection(ExtensibilityGlobals) = postSolution
		SolutionGuid = {1E0611F6-3299-44B2-BD87-F9CA0AF30E85}
	EndGlobalSection
EndGlobal
