
Microsoft Visual Studio Solution File, Format Version 12.00
# Visual Studio Version 16
VisualStudioVersion = 16.0.31729.503
MinimumVisualStudioVersion = 10.0.40219.1
Project("{FAE04EC0-301F-11D3-BF4B-00C04F79EFBC}") = "EvenSet", "EvenSet\EvenSet.csproj", "{318EDD88-A8E6-442D-88FB-A0C971546A64}"
EndProject
Global
	GlobalSection(SolutionConfigurationPlatforms) = preSolution
		Debug|Any CPU = Debug|Any CPU
		Release|Any CPU = Release|Any CPU
	EndGlobalSection
	GlobalSection(ProjectConfigurationPlatforms) = postSolution
		{318EDD88-A8E6-442D-88FB-A0C971546A64}.Debug|Any CPU.ActiveCfg = Debug|Any CPU
		{318EDD88-A8E6-442D-88FB-A0C971546A64}.Debug|Any CPU.Build.0 = Debug|Any CPU
		{318EDD88-A8E6-442D-88FB-A0C971546A64}.Release|Any CPU.ActiveCfg = Release|Any CPU
		{318EDD88-A8E6-442D-88FB-A0C971546A64}.Release|Any CPU.Build.0 = Release|Any CPU
	EndGlobalSection
	GlobalSection(SolutionProperties) = preSolution
		HideSolutionNode = FALSE
	EndGlobalSection
	GlobalSection(ExtensibilityGlobals) = postSolution
		SolutionGuid = {19FB7032-92BA-4D1D-8910-8C15E1FB841E}
	EndGlobalSection
EndGlobal
