
Microsoft Visual Studio Solution File, Format Version 12.00
# Visual Studio Version 16
VisualStudioVersion = 16.0.31729.503
MinimumVisualStudioVersion = 10.0.40219.1
Project("{FAE04EC0-301F-11D3-BF4B-00C04F79EFBC}") = "Contacts", "Contacts\Contacts.csproj", "{AB7ADCD8-0156-4119-9AC6-4CE041485193}"
EndProject
Global
	GlobalSection(SolutionConfigurationPlatforms) = preSolution
		Debug|Any CPU = Debug|Any CPU
		Release|Any CPU = Release|Any CPU
	EndGlobalSection
	GlobalSection(ProjectConfigurationPlatforms) = postSolution
		{AB7ADCD8-0156-4119-9AC6-4CE041485193}.Debug|Any CPU.ActiveCfg = Debug|Any CPU
		{AB7ADCD8-0156-4119-9AC6-4CE041485193}.Debug|Any CPU.Build.0 = Debug|Any CPU
		{AB7ADCD8-0156-4119-9AC6-4CE041485193}.Release|Any CPU.ActiveCfg = Release|Any CPU
		{AB7ADCD8-0156-4119-9AC6-4CE041485193}.Release|Any CPU.Build.0 = Release|Any CPU
	EndGlobalSection
	GlobalSection(SolutionProperties) = preSolution
		HideSolutionNode = FALSE
	EndGlobalSection
	GlobalSection(ExtensibilityGlobals) = postSolution
		SolutionGuid = {74F8323C-DFA3-49C6-AF7A-E5D3DD522862}
	EndGlobalSection
EndGlobal
