
Microsoft Visual Studio Solution File, Format Version 12.00
# Visual Studio Version 16
VisualStudioVersion = 16.0.31729.503
MinimumVisualStudioVersion = 10.0.40219.1
Project("{FAE04EC0-301F-11D3-BF4B-00C04F79EFBC}") = "BenfordsLaw", "BenfordsLaw\BenfordsLaw.csproj", "{6502E528-1249-4ADC-9FC8-E5F85BCB4306}"
EndProject
Global
	GlobalSection(SolutionConfigurationPlatforms) = preSolution
		Debug|Any CPU = Debug|Any CPU
		Release|Any CPU = Release|Any CPU
	EndGlobalSection
	GlobalSection(ProjectConfigurationPlatforms) = postSolution
		{6502E528-1249-4ADC-9FC8-E5F85BCB4306}.Debug|Any CPU.ActiveCfg = Debug|Any CPU
		{6502E528-1249-4ADC-9FC8-E5F85BCB4306}.Debug|Any CPU.Build.0 = Debug|Any CPU
		{6502E528-1249-4ADC-9FC8-E5F85BCB4306}.Release|Any CPU.ActiveCfg = Release|Any CPU
		{6502E528-1249-4ADC-9FC8-E5F85BCB4306}.Release|Any CPU.Build.0 = Release|Any CPU
	EndGlobalSection
	GlobalSection(SolutionProperties) = preSolution
		HideSolutionNode = FALSE
	EndGlobalSection
	GlobalSection(ExtensibilityGlobals) = postSolution
		SolutionGuid = {123697B2-D5F0-4494-BF5F-98849CB734B9}
	EndGlobalSection
EndGlobal
