
Microsoft Visual Studio Solution File, Format Version 12.00
# Visual Studio Version 16
VisualStudioVersion = 16.0.31729.503
MinimumVisualStudioVersion = 10.0.40219.1
Project("{FAE04EC0-301F-11D3-BF4B-00C04F79EFBC}") = "DeleteSpace", "DeleteSpace\DeleteSpace.csproj", "{9C1304D5-F1A9-4F41-AD84-182501B35DCC}"
EndProject
Global
	GlobalSection(SolutionConfigurationPlatforms) = preSolution
		Debug|Any CPU = Debug|Any CPU
		Release|Any CPU = Release|Any CPU
	EndGlobalSection
	GlobalSection(ProjectConfigurationPlatforms) = postSolution
		{9C1304D5-F1A9-4F41-AD84-182501B35DCC}.Debug|Any CPU.ActiveCfg = Debug|Any CPU
		{9C1304D5-F1A9-4F41-AD84-182501B35DCC}.Debug|Any CPU.Build.0 = Debug|Any CPU
		{9C1304D5-F1A9-4F41-AD84-182501B35DCC}.Release|Any CPU.ActiveCfg = Release|Any CPU
		{9C1304D5-F1A9-4F41-AD84-182501B35DCC}.Release|Any CPU.Build.0 = Release|Any CPU
	EndGlobalSection
	GlobalSection(SolutionProperties) = preSolution
		HideSolutionNode = FALSE
	EndGlobalSection
	GlobalSection(ExtensibilityGlobals) = postSolution
		SolutionGuid = {1CFAB1C6-D064-4FED-AD83-5C475A80CA0A}
	EndGlobalSection
EndGlobal
